%{
  "artificery": {:hex, :artificery, "0.2.6", "f602909757263f7897130cbd006b0e40514a541b148d366ad65b89236b93497a", [:mix], [], "hexpm"},
  "csv": {:hex, :csv, "2.0.0", "c66fea89ba7862b94901baf0871285e9b73cad89c5fdb57a6386d2adcf29593e", [:mix], [{:parallel_stream, "~> 1.0.4", [hex: :parallel_stream, repo: "hexpm", optional: false]}], "hexpm"},
  "distillery": {:hex, :distillery, "2.0.0-rc.11", "9ca3c27673f59b3b33681e5703fda9a74b4af6940e1462847d6352124e26616c", [:mix], [{:artificery, "~> 0.2", [hex: :artificery, repo: "hexpm", optional: false]}], "hexpm"},
  "parallel_stream": {:hex, :parallel_stream, "1.0.6", "b967be2b23f0f6787fab7ed681b4c45a215a81481fb62b01a5b750fa8f30f76c", [:mix], [], "hexpm"},
}
